{
  "name": "WebAppClienteBioclean",
  "lockfileVersion": 3,
  "requires": true,
  "packages": {
    "": {
      "dependencies": {
        "@yudiel/react-qr-scanner": "^2.0.8"
      }
    },
    "node_modules/@types/dom-webcodecs": {
      "version": "0.1.11",
      "resolved": "https://registry.npmjs.org/@types/dom-webcodecs/-/dom-webcodecs-0.1.11.tgz",
      "integrity": "sha512-yPEZ3z7EohrmOxbk/QTAa0yonMFkNkjnVXqbGb7D4rMr+F1dGQ8ZUFxXkyLLJuiICPejZ0AZE9Rrk9wUCczx4A=="
    },
    "node_modules/@types/emscripten": {
      "version": "1.39.13",
      "resolved": "https://registry.npmjs.org/@types/emscripten/-/emscripten-1.39.13.tgz",
      "integrity": "sha512-cFq+fO/isvhvmuP/+Sl4K4jtU6E23DoivtbO4r50e3odaxAiVdbfSYRDdJ4gCdxx+3aRjhphS5ZMwIH4hFy/Cw=="
    },
    "node_modules/@yudiel/react-qr-scanner": {
      "version": "2.0.8",
      "resolved": "https://registry.npmjs.org/@yudiel/react-qr-scanner/-/react-qr-scanner-2.0.8.tgz",
      "integrity": "sha512-/7WHsdC1a/Z909J2zZxqgpUQ1iI554fZxIagucH/tFu1MhZkNIeykYI1OdZgDEwV4CzuSi+h90wwNrhmETcmRw==",
      "dependencies": {
        "barcode-detector": "^2.2.7",
        "webrtc-adapter": "9.0.1"
      },
      "peerDependencies": {
        "react": "^17 || ^18",
        "react-dom": "^17 || ^18"
      }
    },
    "node_modules/barcode-detector": {
      "version": "2.2.8",
      "resolved": "https://registry.npmjs.org/barcode-detector/-/barcode-detector-2.2.8.tgz",
      "integrity": "sha512-m3YGKrcNBTYOIWD+FRDJzNU+qbVJ1xI4Th9OAZBITB4rZX13ShZVO8tnSM8ceglLV2yMovwiphr6P+SNIfjzOg==",
      "dependencies": {
        "@types/dom-webcodecs": "^0.1.11",
        "zxing-wasm": "1.2.12"
      }
    },
    "node_modules/js-tokens": {
      "version": "4.0.0",
      "resolved": "https://registry.npmjs.org/js-tokens/-/js-tokens-4.0.0.tgz",
      "integrity": "sha512-RdJUflcE3cUzKiMqQgsCu06FPu9UdIJO0beYbPhHN4k6apgJtifcoCtT9bcxOpYBtpD2kCM6Sbzg4CausW/PKQ==",
      "peer": true
    },
    "node_modules/loose-envify": {
      "version": "1.4.0",
      "resolved": "https://registry.npmjs.org/loose-envify/-/loose-envify-1.4.0.tgz",
      "integrity": "sha512-lyuxPGr/Wfhrlem2CL/UcnUc1zcqKAImBDzukY7Y5F/yQiNdko6+fRLevlw1HgMySw7f611UIY408EtxRSoK3Q==",
      "peer": true,
      "dependencies": {
        "js-tokens": "^3.0.0 || ^4.0.0"
      },
      "bin": {
        "loose-envify": "cli.js"
      }
    },
    "node_modules/react": {
      "version": "18.3.1",
      "resolved": "https://registry.npmjs.org/react/-/react-18.3.1.tgz",
      "integrity": "sha512-wS+hAgJShR0KhEvPJArfuPVN1+Hz1t0Y6n5jLrGQbkb4urgPE/0Rve+1kMB1v/oWgHgm4WIcV+i7F2pTVj+2iQ==",
      "peer": true,
      "dependencies": {
        "loose-envify": "^1.1.0"
      },
      "engines": {
        "node": ">=0.10.0"
      }
    },
    "node_modules/react-dom": {
      "version": "18.3.1",
      "resolved": "https://registry.npmjs.org/react-dom/-/react-dom-18.3.1.tgz",
      "integrity": "sha512-5m4nQKp+rZRb09LNH59GM4BxTh9251/ylbKIbpe7TpGxfJ+9kv6BLkLBXIjjspbgbnIBNqlI23tRnTWT0snUIw==",
      "peer": true,
      "dependencies": {
        "loose-envify": "^1.1.0",
        "scheduler": "^0.23.2"
      },
      "peerDependencies": {
        "react": "^18.3.1"
      }
    },
    "node_modules/scheduler": {
      "version": "0.23.2",
      "resolved": "https://registry.npmjs.org/scheduler/-/scheduler-0.23.2.tgz",
      "integrity": "sha512-UOShsPwz7NrMUqhR6t0hWjFduvOzbtv7toDH1/hIrfRNIDBnnBWd0CwJTGvTpngVlmwGCdP9/Zl/tVrDqcuYzQ==",
      "peer": true,
      "dependencies": {
        "loose-envify": "^1.1.0"
      }
    },
    "node_modules/sdp": {
      "version": "3.2.0",
      "resolved": "https://registry.npmjs.org/sdp/-/sdp-3.2.0.tgz",
      "integrity": "sha512-d7wDPgDV3DDiqulJjKiV2865wKsJ34YI+NDREbm+FySq6WuKOikwyNQcm+doLAZ1O6ltdO0SeKle2xMpN3Brgw=="
    },
    "node_modules/webrtc-adapter": {
      "version": "9.0.1",
      "resolved": "https://registry.npmjs.org/webrtc-adapter/-/webrtc-adapter-9.0.1.tgz",
      "integrity": "sha512-1AQO+d4ElfVSXyzNVTOewgGT/tAomwwztX/6e3totvyyzXPvXIIuUUjAmyZGbKBKbZOXauuJooZm3g6IuFuiNQ==",
      "dependencies": {
        "sdp": "^3.2.0"
      },
      "engines": {
        "node": ">=6.0.0",
        "npm": ">=3.10.0"
      }
    },
    "node_modules/zxing-wasm": {
      "version": "1.2.12",
      "resolved": "https://registry.npmjs.org/zxing-wasm/-/zxing-wasm-1.2.12.tgz",
      "integrity": "sha512-UzQvEA5Hv4Nd/jJoKq7UN/jfkQwEDMASqoi1unlXrEgOB9rseLpmNTywcv4/2d9aMqKjfczyk3T25r6DYxAb7g==",
      "dependencies": {
        "@types/emscripten": "^1.39.13"
      }
    }
  }
}
